
Microsoft Visual Studio Solution File, Format Version 11.00
# Visual Studio 2010
Project("{4925A630-B079-445d-BCD4-3A9C94FE9307}") = "problem36", "problem36\problem36.fsproj", "{7679D935-1EE5-4AD6-96DB-C5E60E92BA3E}"
EndProject
Global
	GlobalSection(SolutionConfigurationPlatforms) = preSolution
		Debug|x86 = Debug|x86
		Release|x86 = Release|x86
	EndGlobalSection
	GlobalSection(ProjectConfigurationPlatforms) = postSolution
		{7679D935-1EE5-4AD6-96DB-C5E60E92BA3E}.Debug|x86.ActiveCfg = Debug|x86
		{7679D935-1EE5-4AD6-96DB-C5E60E92BA3E}.Debug|x86.Build.0 = Debug|x86
		{7679D935-1EE5-4AD6-96DB-C5E60E92BA3E}.Release|x86.ActiveCfg = Release|x86
		{7679D935-1EE5-4AD6-96DB-C5E60E92BA3E}.Release|x86.Build.0 = Release|x86
	EndGlobalSection
	GlobalSection(MonoDevelopProperties) = preSolution
		StartupItem = problem36\problem36.fsproj
	EndGlobalSection
EndGlobal
