
Microsoft Visual Studio Solution File, Format Version 12.00
# Visual Studio 2012
Project("{FAE04EC0-301F-11D3-BF4B-00C04F79EFBC}") = "GUI", "GUI\GUI.csproj", "{4A08A51E-769D-48B3-8A64-DBD0A75CD9B8}"
EndProject
Project("{FAE04EC0-301F-11D3-BF4B-00C04F79EFBC}") = "GeometryLib", "GeometryLib\GeometryLib.csproj", "{53C78B7E-6695-4032-881A-3239CB699A5B}"
EndProject
Global
	GlobalSection(SolutionConfigurationPlatforms) = preSolution
		Debug|Any CPU = Debug|Any CPU
		Release|Any CPU = Release|Any CPU
	EndGlobalSection
	GlobalSection(ProjectConfigurationPlatforms) = postSolution
		{4A08A51E-769D-48B3-8A64-DBD0A75CD9B8}.Debug|Any CPU.ActiveCfg = Debug|Any CPU
		{4A08A51E-769D-48B3-8A64-DBD0A75CD9B8}.Debug|Any CPU.Build.0 = Debug|Any CPU
		{4A08A51E-769D-48B3-8A64-DBD0A75CD9B8}.Release|Any CPU.ActiveCfg = Release|Any CPU
		{4A08A51E-769D-48B3-8A64-DBD0A75CD9B8}.Release|Any CPU.Build.0 = Release|Any CPU
		{53C78B7E-6695-4032-881A-3239CB699A5B}.Debug|Any CPU.ActiveCfg = Debug|Any CPU
		{53C78B7E-6695-4032-881A-3239CB699A5B}.Debug|Any CPU.Build.0 = Debug|Any CPU
		{53C78B7E-6695-4032-881A-3239CB699A5B}.Release|Any CPU.ActiveCfg = Release|Any CPU
		{53C78B7E-6695-4032-881A-3239CB699A5B}.Release|Any CPU.Build.0 = Release|Any CPU
	EndGlobalSection
	GlobalSection(SolutionProperties) = preSolution
		HideSolutionNode = FALSE
	EndGlobalSection
EndGlobal
