
Microsoft Visual Studio Solution File, Format Version 12.00
# Visual Studio 2013
VisualStudioVersion = 12.0.20827.3
MinimumVisualStudioVersion = 10.0.40219.1
Project("{F2A71F9B-5D33-465A-A702-920D77279786}") = "World", "World\World.fsproj", "{F013589F-1753-4661-AA2C-A5B9940DB548}"
EndProject
Project("{F2A71F9B-5D33-465A-A702-920D77279786}") = "PartlyCloudyTests", "ConsoleApplication1\PartlyCloudyTests.fsproj", "{C77A79EC-1E51-4748-AE71-570B6F327F11}"
EndProject
Global
	GlobalSection(SolutionConfigurationPlatforms) = preSolution
		Debug|Any CPU = Debug|Any CPU
		Release|Any CPU = Release|Any CPU
	EndGlobalSection
	GlobalSection(ProjectConfigurationPlatforms) = postSolution
		{F013589F-1753-4661-AA2C-A5B9940DB548}.Debug|Any CPU.ActiveCfg = Debug|Any CPU
		{F013589F-1753-4661-AA2C-A5B9940DB548}.Debug|Any CPU.Build.0 = Debug|Any CPU
		{F013589F-1753-4661-AA2C-A5B9940DB548}.Release|Any CPU.ActiveCfg = Release|Any CPU
		{F013589F-1753-4661-AA2C-A5B9940DB548}.Release|Any CPU.Build.0 = Release|Any CPU
		{C77A79EC-1E51-4748-AE71-570B6F327F11}.Debug|Any CPU.ActiveCfg = Debug|Any CPU
		{C77A79EC-1E51-4748-AE71-570B6F327F11}.Debug|Any CPU.Build.0 = Debug|Any CPU
		{C77A79EC-1E51-4748-AE71-570B6F327F11}.Release|Any CPU.ActiveCfg = Release|Any CPU
		{C77A79EC-1E51-4748-AE71-570B6F327F11}.Release|Any CPU.Build.0 = Release|Any CPU
	EndGlobalSection
	GlobalSection(SolutionProperties) = preSolution
		HideSolutionNode = FALSE
	EndGlobalSection
EndGlobal
